
Microsoft Visual Studio Solution File, Format Version 12.00
# Visual Studio Version 17
VisualStudioVersion = 17.8.34408.163
MinimumVisualStudioVersion = 10.0.40219.1
Project("{FAE04EC0-301F-11D3-BF4B-00C04F79EFBC}") = "TestRepo", "TestRepo\TestRepo.csproj", "{E93758A3-8B88-4A4C-822F-229FFAF3E74C}"
EndProject
Global
	GlobalSection(SolutionConfigurationPlatforms) = preSolution
		Debug|Any CPU = Debug|Any CPU
		Release|Any CPU = Release|Any CPU
	EndGlobalSection
	GlobalSection(ProjectConfigurationPlatforms) = postSolution
		{E93758A3-8B88-4A4C-822F-229FFAF3E74C}.Debug|Any CPU.ActiveCfg = Debug|Any CPU
		{E93758A3-8B88-4A4C-822F-229FFAF3E74C}.Debug|Any CPU.Build.0 = Debug|Any CPU
		{E93758A3-8B88-4A4C-822F-229FFAF3E74C}.Release|Any CPU.ActiveCfg = Release|Any CPU
		{E93758A3-8B88-4A4C-822F-229FFAF3E74C}.Release|Any CPU.Build.0 = Release|Any CPU
	EndGlobalSection
	GlobalSection(SolutionProperties) = preSolution
		HideSolutionNode = FALSE
	EndGlobalSection
	GlobalSection(ExtensibilityGlobals) = postSolution
		SolutionGuid = {991C5CAE-7DF0-45B1-817E-A9A5223EC52A}
	EndGlobalSection
EndGlobal
